
Microsoft Visual Studio Solution File, Format Version 12.00
# Visual Studio Version 17
VisualStudioVersion = 17.5.33424.131
MinimumVisualStudioVersion = 10.0.40219.1
Project("{FAE04EC0-301F-11D3-BF4B-00C04F79EFBC}") = "HomeWork 1.2", "HomeWork 1.2\HomeWork 1.2.csproj", "{8554985D-27AE-44DD-B7F6-B1F3D98301A5}"
EndProject
Project("{FAE04EC0-301F-11D3-BF4B-00C04F79EFBC}") = "HomeWork 1.3", "HomeWork 1.3\HomeWork 1.3.csproj", "{741A06FB-B1A8-449E-ABC8-6AF1F07F02E8}"
EndProject
Project("{FAE04EC0-301F-11D3-BF4B-00C04F79EFBC}") = "HomeWork 1.4", "HomeWork 1.4\HomeWork 1.4.csproj", "{FF93E094-761C-4397-B0CB-EA51B1150DE9}"
EndProject
Project("{FAE04EC0-301F-11D3-BF4B-00C04F79EFBC}") = "HomeWork 1.5", "HomeWork 1.5\HomeWork 1.5.csproj", "{F1DE4B66-4506-4648-B245-7FF15CBE76B0}"
EndProject
Project("{FAE04EC0-301F-11D3-BF4B-00C04F79EFBC}") = "HomeWork 1.6", "HomeWork 1.6\HomeWork 1.6.csproj", "{4E276BBE-AC0B-45D9-AC09-69C490B56B1C}"
EndProject
Global
	GlobalSection(SolutionConfigurationPlatforms) = preSolution
		Debug|Any CPU = Debug|Any CPU
		Release|Any CPU = Release|Any CPU
	EndGlobalSection
	GlobalSection(ProjectConfigurationPlatforms) = postSolution
		{8554985D-27AE-44DD-B7F6-B1F3D98301A5}.Debug|Any CPU.ActiveCfg = Debug|Any CPU
		{8554985D-27AE-44DD-B7F6-B1F3D98301A5}.Debug|Any CPU.Build.0 = Debug|Any CPU
		{8554985D-27AE-44DD-B7F6-B1F3D98301A5}.Release|Any CPU.ActiveCfg = Release|Any CPU
		{8554985D-27AE-44DD-B7F6-B1F3D98301A5}.Release|Any CPU.Build.0 = Release|Any CPU
		{741A06FB-B1A8-449E-ABC8-6AF1F07F02E8}.Debug|Any CPU.ActiveCfg = Debug|Any CPU
		{741A06FB-B1A8-449E-ABC8-6AF1F07F02E8}.Debug|Any CPU.Build.0 = Debug|Any CPU
		{741A06FB-B1A8-449E-ABC8-6AF1F07F02E8}.Release|Any CPU.ActiveCfg = Release|Any CPU
		{741A06FB-B1A8-449E-ABC8-6AF1F07F02E8}.Release|Any CPU.Build.0 = Release|Any CPU
		{FF93E094-761C-4397-B0CB-EA51B1150DE9}.Debug|Any CPU.ActiveCfg = Debug|Any CPU
		{FF93E094-761C-4397-B0CB-EA51B1150DE9}.Debug|Any CPU.Build.0 = Debug|Any CPU
		{FF93E094-761C-4397-B0CB-EA51B1150DE9}.Release|Any CPU.ActiveCfg = Release|Any CPU
		{FF93E094-761C-4397-B0CB-EA51B1150DE9}.Release|Any CPU.Build.0 = Release|Any CPU
		{F1DE4B66-4506-4648-B245-7FF15CBE76B0}.Debug|Any CPU.ActiveCfg = Debug|Any CPU
		{F1DE4B66-4506-4648-B245-7FF15CBE76B0}.Debug|Any CPU.Build.0 = Debug|Any CPU
		{F1DE4B66-4506-4648-B245-7FF15CBE76B0}.Release|Any CPU.ActiveCfg = Release|Any CPU
		{F1DE4B66-4506-4648-B245-7FF15CBE76B0}.Release|Any CPU.Build.0 = Release|Any CPU
		{4E276BBE-AC0B-45D9-AC09-69C490B56B1C}.Debug|Any CPU.ActiveCfg = Debug|Any CPU
		{4E276BBE-AC0B-45D9-AC09-69C490B56B1C}.Debug|Any CPU.Build.0 = Debug|Any CPU
		{4E276BBE-AC0B-45D9-AC09-69C490B56B1C}.Release|Any CPU.ActiveCfg = Release|Any CPU
		{4E276BBE-AC0B-45D9-AC09-69C490B56B1C}.Release|Any CPU.Build.0 = Release|Any CPU
	EndGlobalSection
	GlobalSection(SolutionProperties) = preSolution
		HideSolutionNode = FALSE
	EndGlobalSection
	GlobalSection(ExtensibilityGlobals) = postSolution
		SolutionGuid = {A3C17A2D-2D0F-4462-A9D6-DA67C9FB5B9A}
	EndGlobalSection
EndGlobal
